
Microsoft Visual Studio Solution File, Format Version 12.00
# Visual Studio Version 17
VisualStudioVersion = 17.14.36414.22
MinimumVisualStudioVersion = 10.0.40219.1
Project("{2150E333-8FDC-42A3-9474-1A3956D46DE8}") = "Task0", "Task0", "{02EA681E-C7D8-13C7-8484-4AC65E1B71E8}"
EndProject
Project("{FAE04EC0-301F-11D3-BF4B-00C04F79EFBC}") = "Tyuiu.VashumirskayaEV.Sprint0.Task0.V0", "Tyuiu.VashumirskayaEV.Sprint0.Task0.V0\Tyuiu.VashumirskayaEV.Sprint0.Task0.V0.csproj", "{0C2EFF56-A0AC-4118-9338-E57012BF40C9}"
EndProject
Project("{2150E333-8FDC-42A3-9474-1A3956D46DE8}") = "Task1", "Task1", "{C1C4D081-45DF-4270-9D75-9CFB024A1D59}"
EndProject
Project("{FAE04EC0-301F-11D3-BF4B-00C04F79EFBC}") = "Tyuiu.VashumirskayaEV.Sprint0.Task1.V0", "Tyuiu.VashumirskayaEV.Sprint0.Task1.V0\Tyuiu.VashumirskayaEV.Sprint0.Task1.V0.csproj", "{0B96C02E-268A-480F-8CCC-D3052760B1C4}"
EndProject
Project("{2150E333-8FDC-42A3-9474-1A3956D46DE8}") = "Task2", "Task2", "{7DF91E6F-D11D-41DD-A9F3-7FF6E891741D}"
EndProject
Project("{FAE04EC0-301F-11D3-BF4B-00C04F79EFBC}") = "Tyuiu.VashumirskayaEV.Sprint0.Task2.V0", "Tyuiu.VashumirskayaEV.Sprint0.Task2.V0\Tyuiu.VashumirskayaEV.Sprint0.Task2.V0.csproj", "{19FAE2EB-0DDD-4245-BEA7-0D8E38EF9CAC}"
EndProject
Project("{FAE04EC0-301F-11D3-BF4B-00C04F79EFBC}") = "Tyuiu.VashumirskayaEV.Sprint0.Task2.V0.Lib", "Tyuiu.VashumirskayaEV.Sprint0.Task2.V0.Lib\Tyuiu.VashumirskayaEV.Sprint0.Task2.V0.Lib.csproj", "{18BBF4EE-7999-424E-8614-AE98773C51E3}"
EndProject
Project("{FAE04EC0-301F-11D3-BF4B-00C04F79EFBC}") = "Tyuiu.VashumirskayaEV.Sprint0.Task2.V0.Test", "Tyuiu.VashumirskayaEV.Sprint0.Task2.V0.Test\Tyuiu.VashumirskayaEV.Sprint0.Task2.V0.Test.csproj", "{09C3234A-5319-4F60-AA14-91E0841DBEE7}"
EndProject
Project("{2150E333-8FDC-42A3-9474-1A3956D46DE8}") = "Task3", "Task3", "{DDACDFF7-EF20-409F-A66D-A21D62EBB0DA}"
EndProject
Project("{FAE04EC0-301F-11D3-BF4B-00C04F79EFBC}") = "Tyuiu.VashumirskayaEV.Sprint0.Task3.V0", "Tyuiu.VashumirskayaEV.Sprint0.Task3.V0\Tyuiu.VashumirskayaEV.Sprint0.Task3.V0.csproj", "{627FE025-CE85-43EC-B901-1F3F421FBF0C}"
EndProject
Project("{FAE04EC0-301F-11D3-BF4B-00C04F79EFBC}") = "Tyuiu.VashumirskayaEV.Sprint0.Task3.V0.Test", "Tyuiu.VashumirskayaEV.Sprint0.Task3.V0.Test\Tyuiu.VashumirskayaEV.Sprint0.Task3.V0.Test.csproj", "{16A92391-DE28-4F8E-80CA-5A3CB9571BC3}"
EndProject
Project("{FAE04EC0-301F-11D3-BF4B-00C04F79EFBC}") = "Tyuiu.VashumirskayaEV.Sprint0.Task3.V0.Lib", "Tyuiu.VashumirskayaEV.Sprint0.Task3.V0.Lib\Tyuiu.VashumirskayaEV.Sprint0.Task3.V0.Lib.csproj", "{E36E1B7C-01A9-4E1D-AFCD-D2E977683F7F}"
EndProject
Project("{2150E333-8FDC-42A3-9474-1A3956D46DE8}") = "Task4", "Task4", "{E93B44E3-EFAB-47B9-A0A4-63E5FFFFB986}"
EndProject
Project("{FAE04EC0-301F-11D3-BF4B-00C04F79EFBC}") = "Tyuiu.VashumirskayaEV.Sprint0.Task4.V0", "Tyuiu.VashumirskayaEV.Sprint0.Task4.V0\Tyuiu.VashumirskayaEV.Sprint0.Task4.V0.csproj", "{9AA49D68-783D-43EC-85E2-16E2C8AED86A}"
EndProject
Project("{FAE04EC0-301F-11D3-BF4B-00C04F79EFBC}") = "Tyuiu.VashumirskayaEV.Sprint0.Task4.V0.Lib", "Tyuiu.VashumirskayaEV.Sprint0.Task4.V0.Lib\Tyuiu.VashumirskayaEV.Sprint0.Task4.V0.Lib.csproj", "{EAEF06A7-24B8-488E-B06E-075A47B2A6E4}"
EndProject
Project("{FAE04EC0-301F-11D3-BF4B-00C04F79EFBC}") = "Tyuiu.VashumirskayaEV.Sprint0.Task4.V0.Test", "Tyuiu.VashumirskayaEV.Sprint0.Task4.V0.Test\Tyuiu.VashumirskayaEV.Sprint0.Task4.V0.Test.csproj", "{8286F5FB-AD4A-448A-8EA6-F61508DDB746}"
EndProject
Project("{2150E333-8FDC-42A3-9474-1A3956D46DE8}") = "Task5", "Task5", "{E25A5ED6-81E7-4A87-87BF-EAF9B14EDED0}"
EndProject
Project("{FAE04EC0-301F-11D3-BF4B-00C04F79EFBC}") = "Tyuiu.VashumirskayaEV.Sprint0.Task5.V0", "Tyuiu.VashumirskayaEV.Sprint0.Task5.V0\Tyuiu.VashumirskayaEV.Sprint0.Task5.V0.csproj", "{106AB2D1-2F5C-4606-8EEA-16D07F3D8B44}"
EndProject
Project("{FAE04EC0-301F-11D3-BF4B-00C04F79EFBC}") = "Tyuiu.VashumirskayaEV.Sprint0.Task5.V0.Lib", "Tyuiu.VashumirskayaEV.Sprint0.Task5.V0.Lib\Tyuiu.VashumirskayaEV.Sprint0.Task5.V0.Lib.csproj", "{7486A139-8CC5-4288-AE57-EC047BD4A905}"
EndProject
Project("{FAE04EC0-301F-11D3-BF4B-00C04F79EFBC}") = "Tyuiu.VashumirskayaEV.Sprint0.Task5.V0.Test", "Tyuiu.VashumirskayaEV.Sprint0.Task5.V0.Test\Tyuiu.VashumirskayaEV.Sprint0.Task5.V0.Test.csproj", "{CC7A35ED-798F-44D1-8C68-DC10D4EEF0BE}"
EndProject
Project("{2150E333-8FDC-42A3-9474-1A3956D46DE8}") = "Task6", "Task6", "{A9D6CC4C-F05C-48D2-8D43-1BD4BD111D75}"
EndProject
Project("{FAE04EC0-301F-11D3-BF4B-00C04F79EFBC}") = "Tyuiu.VashumirskayaEV.Sprint0.Task6.V0", "Tyuiu.VashumirskayaEV.Sprint0.Task6.V0\Tyuiu.VashumirskayaEV.Sprint0.Task6.V0.csproj", "{5F9C87BF-FB55-4DB2-AE4A-9673CE2DCA59}"
EndProject
Project("{FAE04EC0-301F-11D3-BF4B-00C04F79EFBC}") = "Tyuiu.VashumirskayaEV.Sprint0.Task6.V0.Lib", "Tyuiu.VashumirskayaEV.Sprint0.Task6.V0.Lib\Tyuiu.VashumirskayaEV.Sprint0.Task6.V0.Lib.csproj", "{D9F69859-9A83-4CAA-BEEA-B5872BC626EF}"
EndProject
Project("{FAE04EC0-301F-11D3-BF4B-00C04F79EFBC}") = "Tyuiu.VashumirskayaEV.Sprint0.Task6.V0.Test", "Tyuiu.VashumirskayaEV.Sprint0.Task6.V0.Test\Tyuiu.VashumirskayaEV.Sprint0.Task6.V0.Test.csproj", "{489A453E-0CB5-4380-83BD-B59A78A21919}"
EndProject
Project("{2150E333-8FDC-42A3-9474-1A3956D46DE8}") = "Task7", "Task7", "{E7646B7E-C75A-48B6-8324-60BBFEE06EC0}"
EndProject
Project("{FAE04EC0-301F-11D3-BF4B-00C04F79EFBC}") = "Tyuiu.VashumirskayaEV.Sprint0.Task7.V0", "Tyuiu.VashumirskayaEV.Sprint0.Task7.V0\Tyuiu.VashumirskayaEV.Sprint0.Task7.V0.csproj", "{BCB6E3FC-D32E-4A3E-BF12-3CE70E292FFA}"
EndProject
Project("{FAE04EC0-301F-11D3-BF4B-00C04F79EFBC}") = "Tyuiu.VashumirskayaEV.Sprint0.Task7.V0.Lib", "Tyuiu.VashumirskayaEV.Sprint0.Task7.V0.Lib\Tyuiu.VashumirskayaEV.Sprint0.Task7.V0.Lib.csproj", "{3A805259-7AA1-4D4C-AC27-04D72CF0565F}"
EndProject
Project("{FAE04EC0-301F-11D3-BF4B-00C04F79EFBC}") = "Tyuiu.VashumirskayaEV.Sprint0.Task7.V0.Test", "Tyuiu.VashumirskayaEV.Sprint0.Task7.V0.Test\Tyuiu.VashumirskayaEV.Sprint0.Task7.V0.Test.csproj", "{2A41C7B4-8509-4683-94AD-CAF66644BCFF}"
EndProject
Global
	GlobalSection(SolutionConfigurationPlatforms) = preSolution
		Debug|Any CPU = Debug|Any CPU
		Release|Any CPU = Release|Any CPU
	EndGlobalSection
	GlobalSection(ProjectConfigurationPlatforms) = postSolution
		{0C2EFF56-A0AC-4118-9338-E57012BF40C9}.Debug|Any CPU.ActiveCfg = Debug|Any CPU
		{0C2EFF56-A0AC-4118-9338-E57012BF40C9}.Debug|Any CPU.Build.0 = Debug|Any CPU
		{0C2EFF56-A0AC-4118-9338-E57012BF40C9}.Release|Any CPU.ActiveCfg = Release|Any CPU
		{0C2EFF56-A0AC-4118-9338-E57012BF40C9}.Release|Any CPU.Build.0 = Release|Any CPU
		{0B96C02E-268A-480F-8CCC-D3052760B1C4}.Debug|Any CPU.ActiveCfg = Debug|Any CPU
		{0B96C02E-268A-480F-8CCC-D3052760B1C4}.Debug|Any CPU.Build.0 = Debug|Any CPU
		{0B96C02E-268A-480F-8CCC-D3052760B1C4}.Release|Any CPU.ActiveCfg = Release|Any CPU
		{0B96C02E-268A-480F-8CCC-D3052760B1C4}.Release|Any CPU.Build.0 = Release|Any CPU
		{19FAE2EB-0DDD-4245-BEA7-0D8E38EF9CAC}.Debug|Any CPU.ActiveCfg = Debug|Any CPU
		{19FAE2EB-0DDD-4245-BEA7-0D8E38EF9CAC}.Debug|Any CPU.Build.0 = Debug|Any CPU
		{19FAE2EB-0DDD-4245-BEA7-0D8E38EF9CAC}.Release|Any CPU.ActiveCfg = Release|Any CPU
		{19FAE2EB-0DDD-4245-BEA7-0D8E38EF9CAC}.Release|Any CPU.Build.0 = Release|Any CPU
		{18BBF4EE-7999-424E-8614-AE98773C51E3}.Debug|Any CPU.ActiveCfg = Debug|Any CPU
		{18BBF4EE-7999-424E-8614-AE98773C51E3}.Debug|Any CPU.Build.0 = Debug|Any CPU
		{18BBF4EE-7999-424E-8614-AE98773C51E3}.Release|Any CPU.ActiveCfg = Release|Any CPU
		{18BBF4EE-7999-424E-8614-AE98773C51E3}.Release|Any CPU.Build.0 = Release|Any CPU
		{09C3234A-5319-4F60-AA14-91E0841DBEE7}.Debug|Any CPU.ActiveCfg = Debug|Any CPU
		{09C3234A-5319-4F60-AA14-91E0841DBEE7}.Debug|Any CPU.Build.0 = Debug|Any CPU
		{09C3234A-5319-4F60-AA14-91E0841DBEE7}.Release|Any CPU.ActiveCfg = Release|Any CPU
		{09C3234A-5319-4F60-AA14-91E0841DBEE7}.Release|Any CPU.Build.0 = Release|Any CPU
		{627FE025-CE85-43EC-B901-1F3F421FBF0C}.Debug|Any CPU.ActiveCfg = Debug|Any CPU
		{627FE025-CE85-43EC-B901-1F3F421FBF0C}.Debug|Any CPU.Build.0 = Debug|Any CPU
		{627FE025-CE85-43EC-B901-1F3F421FBF0C}.Release|Any CPU.ActiveCfg = Release|Any CPU
		{627FE025-CE85-43EC-B901-1F3F421FBF0C}.Release|Any CPU.Build.0 = Release|Any CPU
		{16A92391-DE28-4F8E-80CA-5A3CB9571BC3}.Debug|Any CPU.ActiveCfg = Debug|Any CPU
		{16A92391-DE28-4F8E-80CA-5A3CB9571BC3}.Debug|Any CPU.Build.0 = Debug|Any CPU
		{16A92391-DE28-4F8E-80CA-5A3CB9571BC3}.Release|Any CPU.ActiveCfg = Release|Any CPU
		{16A92391-DE28-4F8E-80CA-5A3CB9571BC3}.Release|Any CPU.Build.0 = Release|Any CPU
		{E36E1B7C-01A9-4E1D-AFCD-D2E977683F7F}.Debug|Any CPU.ActiveCfg = Debug|Any CPU
		{E36E1B7C-01A9-4E1D-AFCD-D2E977683F7F}.Debug|Any CPU.Build.0 = Debug|Any CPU
		{E36E1B7C-01A9-4E1D-AFCD-D2E977683F7F}.Release|Any CPU.ActiveCfg = Release|Any CPU
		{E36E1B7C-01A9-4E1D-AFCD-D2E977683F7F}.Release|Any CPU.Build.0 = Release|Any CPU
		{9AA49D68-783D-43EC-85E2-16E2C8AED86A}.Debug|Any CPU.ActiveCfg = Debug|Any CPU
		{9AA49D68-783D-43EC-85E2-16E2C8AED86A}.Debug|Any CPU.Build.0 = Debug|Any CPU
		{9AA49D68-783D-43EC-85E2-16E2C8AED86A}.Release|Any CPU.ActiveCfg = Release|Any CPU
		{9AA49D68-783D-43EC-85E2-16E2C8AED86A}.Release|Any CPU.Build.0 = Release|Any CPU
		{EAEF06A7-24B8-488E-B06E-075A47B2A6E4}.Debug|Any CPU.ActiveCfg = Debug|Any CPU
		{EAEF06A7-24B8-488E-B06E-075A47B2A6E4}.Debug|Any CPU.Build.0 = Debug|Any CPU
		{EAEF06A7-24B8-488E-B06E-075A47B2A6E4}.Release|Any CPU.ActiveCfg = Release|Any CPU
		{EAEF06A7-24B8-488E-B06E-075A47B2A6E4}.Release|Any CPU.Build.0 = Release|Any CPU
		{8286F5FB-AD4A-448A-8EA6-F61508DDB746}.Debug|Any CPU.ActiveCfg = Debug|Any CPU
		{8286F5FB-AD4A-448A-8EA6-F61508DDB746}.Debug|Any CPU.Build.0 = Debug|Any CPU
		{8286F5FB-AD4A-448A-8EA6-F61508DDB746}.Release|Any CPU.ActiveCfg = Release|Any CPU
		{8286F5FB-AD4A-448A-8EA6-F61508DDB746}.Release|Any CPU.Build.0 = Release|Any CPU
		{106AB2D1-2F5C-4606-8EEA-16D07F3D8B44}.Debug|Any CPU.ActiveCfg = Debug|Any CPU
		{106AB2D1-2F5C-4606-8EEA-16D07F3D8B44}.Debug|Any CPU.Build.0 = Debug|Any CPU
		{106AB2D1-2F5C-4606-8EEA-16D07F3D8B44}.Release|Any CPU.ActiveCfg = Release|Any CPU
		{106AB2D1-2F5C-4606-8EEA-16D07F3D8B44}.Release|Any CPU.Build.0 = Release|Any CPU
		{7486A139-8CC5-4288-AE57-EC047BD4A905}.Debug|Any CPU.ActiveCfg = Debug|Any CPU
		{7486A139-8CC5-4288-AE57-EC047BD4A905}.Debug|Any CPU.Build.0 = Debug|Any CPU
		{7486A139-8CC5-4288-AE57-EC047BD4A905}.Release|Any CPU.ActiveCfg = Release|Any CPU
		{7486A139-8CC5-4288-AE57-EC047BD4A905}.Release|Any CPU.Build.0 = Release|Any CPU
		{CC7A35ED-798F-44D1-8C68-DC10D4EEF0BE}.Debug|Any CPU.ActiveCfg = Debug|Any CPU
		{CC7A35ED-798F-44D1-8C68-DC10D4EEF0BE}.Debug|Any CPU.Build.0 = Debug|Any CPU
		{CC7A35ED-798F-44D1-8C68-DC10D4EEF0BE}.Release|Any CPU.ActiveCfg = Release|Any CPU
		{CC7A35ED-798F-44D1-8C68-DC10D4EEF0BE}.Release|Any CPU.Build.0 = Release|Any CPU
		{5F9C87BF-FB55-4DB2-AE4A-9673CE2DCA59}.Debug|Any CPU.ActiveCfg = Debug|Any CPU
		{5F9C87BF-FB55-4DB2-AE4A-9673CE2DCA59}.Debug|Any CPU.Build.0 = Debug|Any CPU
		{5F9C87BF-FB55-4DB2-AE4A-9673CE2DCA59}.Release|Any CPU.ActiveCfg = Release|Any CPU
		{5F9C87BF-FB55-4DB2-AE4A-9673CE2DCA59}.Release|Any CPU.Build.0 = Release|Any CPU
		{D9F69859-9A83-4CAA-BEEA-B5872BC626EF}.Debug|Any CPU.ActiveCfg = Debug|Any CPU
		{D9F69859-9A83-4CAA-BEEA-B5872BC626EF}.Debug|Any CPU.Build.0 = Debug|Any CPU
		{D9F69859-9A83-4CAA-BEEA-B5872BC626EF}.Release|Any CPU.ActiveCfg = Release|Any CPU
		{D9F69859-9A83-4CAA-BEEA-B5872BC626EF}.Release|Any CPU.Build.0 = Release|Any CPU
		{489A453E-0CB5-4380-83BD-B59A78A21919}.Debug|Any CPU.ActiveCfg = Debug|Any CPU
		{489A453E-0CB5-4380-83BD-B59A78A21919}.Debug|Any CPU.Build.0 = Debug|Any CPU
		{489A453E-0CB5-4380-83BD-B59A78A21919}.Release|Any CPU.ActiveCfg = Release|Any CPU
		{489A453E-0CB5-4380-83BD-B59A78A21919}.Release|Any CPU.Build.0 = Release|Any CPU
		{BCB6E3FC-D32E-4A3E-BF12-3CE70E292FFA}.Debug|Any CPU.ActiveCfg = Debug|Any CPU
		{BCB6E3FC-D32E-4A3E-BF12-3CE70E292FFA}.Debug|Any CPU.Build.0 = Debug|Any CPU
		{BCB6E3FC-D32E-4A3E-BF12-3CE70E292FFA}.Release|Any CPU.ActiveCfg = Release|Any CPU
		{BCB6E3FC-D32E-4A3E-BF12-3CE70E292FFA}.Release|Any CPU.Build.0 = Release|Any CPU
		{3A805259-7AA1-4D4C-AC27-04D72CF0565F}.Debug|Any CPU.ActiveCfg = Debug|Any CPU
		{3A805259-7AA1-4D4C-AC27-04D72CF0565F}.Debug|Any CPU.Build.0 = Debug|Any CPU
		{3A805259-7AA1-4D4C-AC27-04D72CF0565F}.Release|Any CPU.ActiveCfg = Release|Any CPU
		{3A805259-7AA1-4D4C-AC27-04D72CF0565F}.Release|Any CPU.Build.0 = Release|Any CPU
		{2A41C7B4-8509-4683-94AD-CAF66644BCFF}.Debug|Any CPU.ActiveCfg = Debug|Any CPU
		{2A41C7B4-8509-4683-94AD-CAF66644BCFF}.Debug|Any CPU.Build.0 = Debug|Any CPU
		{2A41C7B4-8509-4683-94AD-CAF66644BCFF}.Release|Any CPU.ActiveCfg = Release|Any CPU
		{2A41C7B4-8509-4683-94AD-CAF66644BCFF}.Release|Any CPU.Build.0 = Release|Any CPU
	EndGlobalSection
	GlobalSection(SolutionProperties) = preSolution
		HideSolutionNode = FALSE
	EndGlobalSection
	GlobalSection(NestedProjects) = preSolution
		{0C2EFF56-A0AC-4118-9338-E57012BF40C9} = {02EA681E-C7D8-13C7-8484-4AC65E1B71E8}
		{0B96C02E-268A-480F-8CCC-D3052760B1C4} = {C1C4D081-45DF-4270-9D75-9CFB024A1D59}
		{19FAE2EB-0DDD-4245-BEA7-0D8E38EF9CAC} = {7DF91E6F-D11D-41DD-A9F3-7FF6E891741D}
		{18BBF4EE-7999-424E-8614-AE98773C51E3} = {7DF91E6F-D11D-41DD-A9F3-7FF6E891741D}
		{09C3234A-5319-4F60-AA14-91E0841DBEE7} = {7DF91E6F-D11D-41DD-A9F3-7FF6E891741D}
		{627FE025-CE85-43EC-B901-1F3F421FBF0C} = {DDACDFF7-EF20-409F-A66D-A21D62EBB0DA}
		{16A92391-DE28-4F8E-80CA-5A3CB9571BC3} = {DDACDFF7-EF20-409F-A66D-A21D62EBB0DA}
		{E36E1B7C-01A9-4E1D-AFCD-D2E977683F7F} = {DDACDFF7-EF20-409F-A66D-A21D62EBB0DA}
		{9AA49D68-783D-43EC-85E2-16E2C8AED86A} = {E93B44E3-EFAB-47B9-A0A4-63E5FFFFB986}
		{EAEF06A7-24B8-488E-B06E-075A47B2A6E4} = {E93B44E3-EFAB-47B9-A0A4-63E5FFFFB986}
		{8286F5FB-AD4A-448A-8EA6-F61508DDB746} = {E93B44E3-EFAB-47B9-A0A4-63E5FFFFB986}
		{106AB2D1-2F5C-4606-8EEA-16D07F3D8B44} = {E25A5ED6-81E7-4A87-87BF-EAF9B14EDED0}
		{7486A139-8CC5-4288-AE57-EC047BD4A905} = {E25A5ED6-81E7-4A87-87BF-EAF9B14EDED0}
		{CC7A35ED-798F-44D1-8C68-DC10D4EEF0BE} = {E25A5ED6-81E7-4A87-87BF-EAF9B14EDED0}
		{5F9C87BF-FB55-4DB2-AE4A-9673CE2DCA59} = {A9D6CC4C-F05C-48D2-8D43-1BD4BD111D75}
		{D9F69859-9A83-4CAA-BEEA-B5872BC626EF} = {A9D6CC4C-F05C-48D2-8D43-1BD4BD111D75}
		{489A453E-0CB5-4380-83BD-B59A78A21919} = {A9D6CC4C-F05C-48D2-8D43-1BD4BD111D75}
		{BCB6E3FC-D32E-4A3E-BF12-3CE70E292FFA} = {E7646B7E-C75A-48B6-8324-60BBFEE06EC0}
		{3A805259-7AA1-4D4C-AC27-04D72CF0565F} = {E7646B7E-C75A-48B6-8324-60BBFEE06EC0}
		{2A41C7B4-8509-4683-94AD-CAF66644BCFF} = {E7646B7E-C75A-48B6-8324-60BBFEE06EC0}
	EndGlobalSection
	GlobalSection(ExtensibilityGlobals) = postSolution
		SolutionGuid = {E89F292F-0109-4411-A449-F802787E93C3}
	EndGlobalSection
EndGlobal
